PODS:
  - AEXML (2.1.0)
  - Alamofire (3.2.1)
  - Nimble (3.1.0)
  - Quick (0.9.1)
  - ReactiveCocoa (4.0.4-alpha-4):
    - ReactiveCocoa/UI (= 4.0.4-alpha-4)
    - Result (~> 1.0)
  - ReactiveCocoa/Core (4.0.4-alpha-4):
    - ReactiveCocoa/no-arc
    - Result (~> 1.0)
  - ReactiveCocoa/no-arc (4.0.4-alpha-4):
    - Result (~> 1.0)
  - ReactiveCocoa/UI (4.0.4-alpha-4):
    - ReactiveCocoa/Core
    - Result (~> 1.0)
  - Result (1.0.2)
  - SwiftECP (3.0.0):
    - AEXML (~> 2.0)
    - Alamofire (~> 3.2.1)
    - ReactiveCocoa (= 4.0.4-alpha-4)
    - XCGLogger (~> 3.0)
  - XCGLogger (3.2)

DEPENDENCIES:
  - Nimble (= 3.1.0)
  - Quick (~> 0.9.1)
  - SwiftECP (from `../`)

EXTERNAL SOURCES:
  SwiftECP:
    :path: "../"

SPEC CHECKSUMS:
  AEXML: 0e2f657fdc67e17905682a06d55583a863d80803
  Alamofire: f11d8624a05f5d39e0c99309b3e600a3ba64298a
  Nimble: 79d40f4d69d47314229bbabacaa02b8838c779b9
  Quick: a5221fc21788b6aeda934805e68b061839bc3165
  ReactiveCocoa: e459ea92099447802df20c4735e31e8139b06094
  Result: dd3dd71af3fa2e262f1a999e14fba2c25ec14f16
  SwiftECP: 208d5bccad02df094804b151109828a74039b293
  XCGLogger: da1f341f4bb8979db6e1df64232f04d9698402d4

PODFILE CHECKSUM: f650f0573d240c666d7f3d2833d6ec42eaec449d

COCOAPODS: 1.0.0.beta.6
